
Microsoft Visual Studio Solution File, Format Version 12.00
Project("{2150E333-8FDC-42A3-9474-1A3956D46DE8}") = "Factory_Method", "Factory_Method", "{6BA7AF79-26E2-470E-B154-0B515581436F}"
EndProject
Project("{2150E333-8FDC-42A3-9474-1A3956D46DE8}") = "Abstract_Factory", "Abstract_Factory", "{248C1FE7-8C20-4529-BCF3-D7478AFD4A62}"
EndProject
Project("{2150E333-8FDC-42A3-9474-1A3956D46DE8}") = "Adapter", "Adapter", "{6643EC72-7983-43E1-B606-60F7083458FF}"
EndProject
Project("{2150E333-8FDC-42A3-9474-1A3956D46DE8}") = "Bridge", "Bridge", "{542E7C08-E0CD-4392-8D3F-DC9136E873BC}"
EndProject
Project("{2150E333-8FDC-42A3-9474-1A3956D46DE8}") = "Chain_of_Responsibility", "Chain_of_Responsibility", "{E3139092-5074-4FE5-8487-98016A552AA4}"
EndProject
Project("{2150E333-8FDC-42A3-9474-1A3956D46DE8}") = "Command", "Command", "{1FD03A5A-93D9-4943-A668-A62FFBD59FCB}"
EndProject
Project("{2150E333-8FDC-42A3-9474-1A3956D46DE8}") = "Iterator", "Iterator", "{296D0489-2ECF-426C-83B0-223CDACF8589}"
EndProject
Project("{2150E333-8FDC-42A3-9474-1A3956D46DE8}") = "Mediator", "Mediator", "{7AC20411-91BE-4509-8D42-FE3452CAF3A4}"
EndProject
Project("{2150E333-8FDC-42A3-9474-1A3956D46DE8}") = "Builder", "Builder", "{39190382-F371-4538-81C7-F511C6019803}"
EndProject
Project("{2150E333-8FDC-42A3-9474-1A3956D46DE8}") = "Prototype", "Prototype", "{2E5D6D89-816B-4F02-AA52-78149F4562E7}"
EndProject
Project("{2150E333-8FDC-42A3-9474-1A3956D46DE8}") = "Composite", "Composite", "{327711D1-4C9C-41D2-8F69-55CE8B771162}"
EndProject
Project("{2150E333-8FDC-42A3-9474-1A3956D46DE8}") = "Decorator", "Decorator", "{18733BB6-E245-47A1-88D6-803A8A3966D3}"
EndProject
Project("{2150E333-8FDC-42A3-9474-1A3956D46DE8}") = "Memento", "Memento", "{3344E203-88F5-4056-A755-1E06C7C6CEB8}"
EndProject
Project("{2150E333-8FDC-42A3-9474-1A3956D46DE8}") = "Observer", "Observer", "{8BAADBB4-F002-48BF-833F-80A01673BDBB}"
EndProject
Project("{2150E333-8FDC-42A3-9474-1A3956D46DE8}") = "State", "State", "{416FB41A-3F5C-4E8B-9635-83401374D9DF}"
EndProject
Project("{2150E333-8FDC-42A3-9474-1A3956D46DE8}") = "Strategy", "Strategy", "{A78DA095-E008-43C5-A9BE-95B33203113F}"
EndProject
Project("{2150E333-8FDC-42A3-9474-1A3956D46DE8}") = "Singleton", "Singleton", "{0E6C9E96-A512-4F81-8EEE-938F0BACAF1B}"
EndProject
Project("{2150E333-8FDC-42A3-9474-1A3956D46DE8}") = "Facade", "Facade", "{112EBBCE-509B-4825-A399-312F758E522D}"
EndProject
Project("{2150E333-8FDC-42A3-9474-1A3956D46DE8}") = "Flyweight", "Flyweight", "{78168546-0B72-4FD6-9B52-817A5FBE8D95}"
EndProject
Project("{2150E333-8FDC-42A3-9474-1A3956D46DE8}") = "Template_Method", "Template_Method", "{07BAF988-92B9-45A2-8C0D-489F1780684C}"
EndProject
Project("{2150E333-8FDC-42A3-9474-1A3956D46DE8}") = "Visitor", "Visitor", "{744C10CA-8241-4683-9541-64E9AE3DA8E1}"
EndProject
Project("{2150E333-8FDC-42A3-9474-1A3956D46DE8}") = "Proxy", "Proxy", "{48F6FC82-02BE-4309-8596-B38D6F838E5A}"
EndProject
Global
	GlobalSection(SolutionConfigurationPlatforms) = preSolution
		Debug|Any CPU = Debug|Any CPU
		Release|Any CPU = Release|Any CPU
	EndGlobalSection
EndGlobal
